# @generated by Move, please check-in and do not edit manually.

[move]
version = 3
manifest_digest = "4DA9118CADA16D403400F553DB80DF0ACFCA2125C51ADF3BE769A1F648ADDB27"
deps_digest = "060AD7E57DFB13104F21BE5F5C3759D03F0553FC3229247D9A7A6B45F50D03A3"
dependencies = [
  { id = "Sui", name = "Sui" },
  { id = "stablecoin", name = "stablecoin" },
  { id = "sui_extensions", name = "sui_extensions" },
]

[[move.package]]
id = "MoveStdlib"
source = { git = "https://github.com/MystenLabs/sui.git", rev = "mainnet-v1.62.1", subdir = "crates/sui-framework/packages/move-stdlib" }

[[move.package]]
id = "Sui"
source = { git = "https://github.com/MystenLabs/sui.git", rev = "mainnet-v1.62.1", subdir = "crates/sui-framework/packages/sui-framework" }

dependencies = [
  { id = "MoveStdlib", name = "MoveStdlib" },
]

[[move.package]]
id = "stablecoin"
source = { local = "../stablecoin" }

dependencies = [
  { id = "Sui", name = "Sui" },
  { id = "sui_extensions", name = "sui_extensions" },
]

[[move.package]]
id = "sui_extensions"
source = { local = "../sui_extensions" }

dependencies = [
  { id = "Sui", name = "Sui" },
]

[move.toolchain-version]
compiler-version = "1.62.1"
edition = "2024"
flavor = "sui"

[env]

[env.devnet]
chain-id = "a2c63a99"
original-published-id = "0xe47390620499c32bf177999370b4103a7dc1774d103f115ffd3106ff3f6d09c8"
latest-published-id = "0xe47390620499c32bf177999370b4103a7dc1774d103f115ffd3106ff3f6d09c8"
published-version = "1"
