# @generated by Move, please check-in and do not edit manually.

[move]
version = 3
manifest_digest = "7729EB7D515194B997280201C03543819C3318DC38A545DB9E506ED69358E8B3"
deps_digest = "060AD7E57DFB13104F21BE5F5C3759D03F0553FC3229247D9A7A6B45F50D03A3"
dependencies = [
  { id = "Sui", name = "Sui" },
  { id = "stablecoin", name = "stablecoin" },
  { id = "sui_extensions", name = "sui_extensions" },
]

[[move.package]]
id = "MoveStdlib"
source = { git = "https://github.com/MystenLabs/sui.git", rev = "mainnet-v1.60.1", subdir = "crates/sui-framework/packages/move-stdlib" }

[[move.package]]
id = "Sui"
source = { git = "https://github.com/MystenLabs/sui.git", rev = "mainnet-v1.60.1", subdir = "crates/sui-framework/packages/sui-framework" }

dependencies = [
  { id = "MoveStdlib", name = "MoveStdlib" },
]

[[move.package]]
id = "stablecoin"
source = { local = "../stablecoin" }

dependencies = [
  { id = "Sui", name = "Sui" },
  { id = "sui_extensions", name = "sui_extensions" },
]

[[move.package]]
id = "sui_extensions"
source = { local = "../sui_extensions" }

dependencies = [
  { id = "Sui", name = "Sui" },
]

[move.toolchain-version]
compiler-version = "1.60.1"
edition = "2024"
flavor = "sui"

[env]

[env.devnet]
chain-id = "833db4e1"
original-published-id = "0x66b93b31c275930fbc7cfdaf884a99de7668e16a7bb0f12e59b08926c15bbb29"
latest-published-id = "0x66b93b31c275930fbc7cfdaf884a99de7668e16a7bb0f12e59b08926c15bbb29"
published-version = "1"
