# @generated by Move, please check-in and do not edit manually.

[move]
version = 3
manifest_digest = "860E8B41D6808812CD71165CF8762000FF091343D253A54E837EBE533C562480"
deps_digest = "060AD7E57DFB13104F21BE5F5C3759D03F0553FC3229247D9A7A6B45F50D03A3"
dependencies = [
  { id = "Sui", name = "Sui" },
  { id = "stablecoin", name = "stablecoin" },
  { id = "sui_extensions", name = "sui_extensions" },
]

[[move.package]]
id = "MoveStdlib"
source = { git = "https://github.com/MystenLabs/sui.git", rev = "testnet-v1.56.2", subdir = "crates/sui-framework/packages/move-stdlib" }

[[move.package]]
id = "Sui"
source = { git = "https://github.com/MystenLabs/sui.git", rev = "testnet-v1.56.2", subdir = "crates/sui-framework/packages/sui-framework" }

dependencies = [
  { id = "MoveStdlib", name = "MoveStdlib" },
]

[[move.package]]
id = "stablecoin"
source = { local = "../stablecoin" }

dependencies = [
  { id = "Sui", name = "Sui" },
  { id = "sui_extensions", name = "sui_extensions" },
]

[[move.package]]
id = "sui_extensions"
source = { local = "../sui_extensions" }

dependencies = [
  { id = "Sui", name = "Sui" },
]

[move.toolchain-version]
compiler-version = "1.57.0"
edition = "2024.beta"
flavor = "sui"

[env]

[env.devnet]
chain-id = "bc718b80"
original-published-id = "0xc8a6dc72a6c51ac9cbfc577ab6efbde3874aaa33fc93dbd9523b2f4b2339a1b8"
latest-published-id = "0xc8a6dc72a6c51ac9cbfc577ab6efbde3874aaa33fc93dbd9523b2f4b2339a1b8"
published-version = "1"
