# @generated by Move, please check-in and do not edit manually.

[move]
version = 3
manifest_digest = "D3C8AA996190C57C622AF6B8370E8F6E418F4C5877A361779A4DA1CB80A5F824"
deps_digest = "F8BBB0CCB2491CA29A3DF03D6F92277A4F3574266507ACD77214D37ECA3F3082"
dependencies = [
  { id = "Sui", name = "Sui" },
]

[[move.package]]
id = "MoveStdlib"
source = { git = "https://github.com/MystenLabs/sui.git", rev = "mainnet-v1.62.1", subdir = "crates/sui-framework/packages/move-stdlib" }

[[move.package]]
id = "Sui"
source = { git = "https://github.com/MystenLabs/sui.git", rev = "mainnet-v1.62.1", subdir = "crates/sui-framework/packages/sui-framework" }

dependencies = [
  { id = "MoveStdlib", name = "MoveStdlib" },
]

[move.toolchain-version]
compiler-version = "1.62.1"
edition = "2024"
flavor = "sui"

[env]

[env.devnet]
chain-id = "a5b3326b"
original-published-id = "0x40695cc0f5485ce064908e2b502f6fcc507a90c2fe647ea546bf51e5fab7fb5c"
latest-published-id = "0x40695cc0f5485ce064908e2b502f6fcc507a90c2fe647ea546bf51e5fab7fb5c"
published-version = "1"
