# @generated by Move, please check-in and do not edit manually.

[move]
version = 3
manifest_digest = "6F2A920AA15A3BB811F49EF4D1BCC721ABC89AC2A05F9F7D724B707AB5D8E50F"
deps_digest = "F8BBB0CCB2491CA29A3DF03D6F92277A4F3574266507ACD77214D37ECA3F3082"
dependencies = [
  { id = "Sui", name = "Sui" },
]

[[move.package]]
id = "MoveStdlib"
source = { git = "https://github.com/MystenLabs/sui.git", rev = "mainnet-v1.60.1", subdir = "crates/sui-framework/packages/move-stdlib" }

[[move.package]]
id = "Sui"
source = { git = "https://github.com/MystenLabs/sui.git", rev = "mainnet-v1.60.1", subdir = "crates/sui-framework/packages/sui-framework" }

dependencies = [
  { id = "MoveStdlib", name = "MoveStdlib" },
]

[move.toolchain-version]
compiler-version = "1.60.1"
edition = "2024"
flavor = "sui"

[env]

[env.devnet]
chain-id = "a4bc10c3"
original-published-id = "0x56c755b5a7f6dc48bef69a127cf819d29c180c9ae17e70deeaa5fa82aa3826c0"
latest-published-id = "0x56c755b5a7f6dc48bef69a127cf819d29c180c9ae17e70deeaa5fa82aa3826c0"
published-version = "1"
