# @generated by Move, please check-in and do not edit manually.

[move]
version = 3
manifest_digest = "9B73C18CC0806270E9C75B61455DFD564F2D500E639C3EC8D0BBD1AA79155A17"
deps_digest = "3C4103934B1E040BB6B23F1D610B4EF9F2F1166A50A104EADCF77467C004C600"
dependencies = [
  { id = "Sui", name = "Sui" },
  { id = "sui_extensions", name = "sui_extensions" },
]

[[move.package]]
id = "MoveStdlib"
source = { git = "https://github.com/MystenLabs/sui.git", rev = "mainnet-v1.62.1", subdir = "crates/sui-framework/packages/move-stdlib" }

[[move.package]]
id = "Sui"
source = { git = "https://github.com/MystenLabs/sui.git", rev = "mainnet-v1.62.1", subdir = "crates/sui-framework/packages/sui-framework" }

dependencies = [
  { id = "MoveStdlib", name = "MoveStdlib" },
]

[[move.package]]
id = "sui_extensions"
source = { local = "../sui_extensions" }

dependencies = [
  { id = "Sui", name = "Sui" },
]

[move.toolchain-version]
compiler-version = "1.62.1"
edition = "2024"
flavor = "sui"

[env]

[env.devnet]
chain-id = "a2c63a99"
original-published-id = "0xec3c8e492cfc603830502bea5dbab8f860014f5eca6d9c9978c8bdcd65fb863e"
latest-published-id = "0xec3c8e492cfc603830502bea5dbab8f860014f5eca6d9c9978c8bdcd65fb863e"
published-version = "1"
