# @generated by Move, please check-in and do not edit manually.

[move]
version = 3
manifest_digest = "82391B6382E3E2B2D01160088744B8BAF6E604D07D2BE9AF0834B110F247E689"
deps_digest = "3C4103934B1E040BB6B23F1D610B4EF9F2F1166A50A104EADCF77467C004C600"
dependencies = [
  { id = "Sui", name = "Sui" },
  { id = "sui_extensions", name = "sui_extensions" },
]

[[move.package]]
id = "MoveStdlib"
source = { git = "https://github.com/MystenLabs/sui.git", rev = "testnet-v1.56.2", subdir = "crates/sui-framework/packages/move-stdlib" }

[[move.package]]
id = "Sui"
source = { git = "https://github.com/MystenLabs/sui.git", rev = "testnet-v1.56.2", subdir = "crates/sui-framework/packages/sui-framework" }

dependencies = [
  { id = "MoveStdlib", name = "MoveStdlib" },
]

[[move.package]]
id = "sui_extensions"
source = { local = "../sui_extensions" }

dependencies = [
  { id = "Sui", name = "Sui" },
]

[move.toolchain-version]
compiler-version = "1.57.0"
edition = "2024.beta"
flavor = "sui"

[env]

[env.devnet]
chain-id = "a5e2ba5d"
original-published-id = "0x5c68ceea30987ce6400a21cd48bf64e1e2b71ef3274690bff20ee7aad289d756"
latest-published-id = "0x5c68ceea30987ce6400a21cd48bf64e1e2b71ef3274690bff20ee7aad289d756"
published-version = "1"
