# @generated by Move, please check-in and do not edit manually.

[move]
version = 3
manifest_digest = "1CE11D593138474CEEF99F4B075D7BC3EE4633776E82ABB442AAF569766B098B"
deps_digest = "3C4103934B1E040BB6B23F1D610B4EF9F2F1166A50A104EADCF77467C004C600"
dependencies = [
  { id = "Sui", name = "Sui" },
  { id = "sui_extensions", name = "sui_extensions" },
]

[[move.package]]
id = "MoveStdlib"
source = { git = "https://github.com/MystenLabs/sui.git", rev = "mainnet-v1.62.1", subdir = "crates/sui-framework/packages/move-stdlib" }

[[move.package]]
id = "Sui"
source = { git = "https://github.com/MystenLabs/sui.git", rev = "mainnet-v1.62.1", subdir = "crates/sui-framework/packages/sui-framework" }

dependencies = [
  { id = "MoveStdlib", name = "MoveStdlib" },
]

[[move.package]]
id = "sui_extensions"
source = { local = "../sui_extensions" }

dependencies = [
  { id = "Sui", name = "Sui" },
]

[move.toolchain-version]
compiler-version = "1.62.1"
edition = "2024"
flavor = "sui"

[env]

[env.devnet]
chain-id = "a9149565"
original-published-id = "0x8e7765be0ea3d8b3c657d58fe7b36224f3944b8a40e91b39747e469ac838de28"
latest-published-id = "0x8e7765be0ea3d8b3c657d58fe7b36224f3944b8a40e91b39747e469ac838de28"
published-version = "1"
